// !$*UTF8*$!
{
	archiveVersion = 1;
	classes = {
	};
	objectVersion = 56;
	objects = {

/* Begin PBXBuildFile section */
		BF001001000000000000001A /* BackgammonApp.swift in Sources */ = {isa = PBXBuildFile; fileRef = BF002001000000000000001A /* BackgammonApp.swift */; };
		BF001002000000000000001A /* ContentView.swift in Sources */ = {isa = PBXBuildFile; fileRef = BF002002000000000000001A /* ContentView.swift */; };
		BF001003000000000000001A /* BackgammonEngine.swift in Sources */ = {isa = PBXBuildFile; fileRef = BF002003000000000000001A /* BackgammonEngine.swift */; };
		BF001004000000000000001A /* GameState.swift in Sources */ = {isa = PBXBuildFile; fileRef = BF002004000000000000001A /* GameState.swift */; };
		BF001005000000000000001A /* BoardView.swift in Sources */ = {isa = PBXBuildFile; fileRef = BF002005000000000000001A /* BoardView.swift */; };
		BF001006000000000000001A /* DiceView.swift in Sources */ = {isa = PBXBuildFile; fileRef = BF002006000000000000001A /* DiceView.swift */; };
		BF001007000000000000001A /* Assets.xcassets in Resources */ = {isa = PBXBuildFile; fileRef = BF002007000000000000001A /* Assets.xcassets */; };
		BF001008000000000000001A /* CoachingSheetView.swift in Sources */ = {isa = PBXBuildFile; fileRef = BF002009000000000000001A /* CoachingSheetView.swift */; };
		BF001009000000000000001A /* DifficultySheetView.swift in Sources */ = {isa = PBXBuildFile; fileRef = BF00200B000000000000001A /* DifficultySheetView.swift */; };
/* End PBXBuildFile section */

/* Begin PBXFileReference section */
		BF002001000000000000001A /* BackgammonApp.swift */ = {isa = PBXFileReference; lastKnownFileType = sourcecode.swift; path = BackgammonApp.swift; sourceTree = "<group>"; };
		BF002002000000000000001A /* ContentView.swift */ = {isa = PBXFileReference; lastKnownFileType = sourcecode.swift; path = ContentView.swift; sourceTree = "<group>"; };
		BF002003000000000000001A /* BackgammonEngine.swift */ = {isa = PBXFileReference; lastKnownFileType = sourcecode.swift; path = BackgammonEngine.swift; sourceTree = "<group>"; };
		BF002004000000000000001A /* GameState.swift */ = {isa = PBXFileReference; lastKnownFileType = sourcecode.swift; path = GameState.swift; sourceTree = "<group>"; };
		BF002005000000000000001A /* BoardView.swift */ = {isa = PBXFileReference; lastKnownFileType = sourcecode.swift; path = BoardView.swift; sourceTree = "<group>"; };
		BF002006000000000000001A /* DiceView.swift */ = {isa = PBXFileReference; lastKnownFileType = sourcecode.swift; path = DiceView.swift; sourceTree = "<group>"; };
		BF002007000000000000001A /* Assets.xcassets */ = {isa = PBXFileReference; lastKnownFileType = folder.assetcatalog; path = Assets.xcassets; sourceTree = "<group>"; };
		BF002008000000000000001A /* Info.plist */ = {isa = PBXFileReference; lastKnownFileType = text.plist.xml; path = Info.plist; sourceTree = "<group>"; };
		BF002009000000000000001A /* CoachingSheetView.swift */ = {isa = PBXFileReference; lastKnownFileType = sourcecode.swift; path = CoachingSheetView.swift; sourceTree = "<group>"; };
		BF00200A000000000000001A /* Backgammon.app */ = {isa = PBXFileReference; explicitFileType = wrapper.application; includeInIndex = 0; path = Backgammon.app; sourceTree = BUILT_PRODUCTS_DIR; };
		BF00200B000000000000001A /* DifficultySheetView.swift */ = {isa = PBXFileReference; lastKnownFileType = sourcecode.swift; path = DifficultySheetView.swift; sourceTree = "<group>"; };
/* End PBXFileReference section */

/* Begin PBXFrameworksBuildPhase section */
		BF004002000000000000001A /* Frameworks */ = {
			isa = PBXFrameworksBuildPhase;
			buildActionMask = 2147483647;
			files = (
			);
			runOnlyForDeploymentPostprocessing = 0;
		};
/* End PBXFrameworksBuildPhase section */

/* Begin PBXGroup section */
		BF003001000000000000001A = {
			isa = PBXGroup;
			children = (
				BF003002000000000000001A /* Backgammon */,
				BF003005000000000000001A /* Products */,
			);
			sourceTree = "<group>";
		};
		BF003002000000000000001A /* Backgammon */ = {
			isa = PBXGroup;
			children = (
				BF002001000000000000001A /* BackgammonApp.swift */,
				BF002002000000000000001A /* ContentView.swift */,
				BF003003000000000000001A /* Game */,
				BF003004000000000000001A /* Views */,
				BF002007000000000000001A /* Assets.xcassets */,
				BF002008000000000000001A /* Info.plist */,
			);
			path = Backgammon;
			sourceTree = "<group>";
		};
		BF003003000000000000001A /* Game */ = {
			isa = PBXGroup;
			children = (
				BF002003000000000000001A /* BackgammonEngine.swift */,
				BF002004000000000000001A /* GameState.swift */,
			);
			path = Game;
			sourceTree = "<group>";
		};
		BF003004000000000000001A /* Views */ = {
			isa = PBXGroup;
			children = (
				BF002005000000000000001A /* BoardView.swift */,
				BF002006000000000000001A /* DiceView.swift */,
				BF002009000000000000001A /* CoachingSheetView.swift */,
				BF00200B000000000000001A /* DifficultySheetView.swift */,
			);
			path = Views;
			sourceTree = "<group>";
		};
		BF003005000000000000001A /* Products */ = {
			isa = PBXGroup;
			children = (
				BF00200A000000000000001A /* Backgammon.app */,
			);
			name = Products;
			sourceTree = "<group>";
		};
/* End PBXGroup section */

/* Begin PBXNativeTarget section */
		BF005001000000000000001A /* Backgammon */ = {
			isa = PBXNativeTarget;
			buildConfigurationList = BF006006000000000000001A /* Build configuration list for PBXNativeTarget "Backgammon" */;
			buildPhases = (
				BF004001000000000000001A /* Sources */,
				BF004002000000000000001A /* Frameworks */,
				BF004003000000000000001A /* Resources */,
			);
			buildRules = (
			);
			dependencies = (
			);
			name = Backgammon;
			productName = Backgammon;
			productReference = BF00200A000000000000001A /* Backgammon.app */;
			productType = "com.apple.product-type.application";
		};
/* End PBXNativeTarget section */

/* Begin PBXProject section */
		BF007001000000000000001A /* Project object */ = {
			isa = PBXProject;
			attributes = {
				BuildIndependentTargetsInParallel = 1;
				LastSwiftUpdateCheck = 1500;
				LastUpgradeCheck = 1500;
				TargetAttributes = {
					BF005001000000000000001A = {
						CreatedOnToolsVersion = 15.0;
					};
				};
			};
			buildConfigurationList = BF006005000000000000001A /* Build configuration list for PBXProject "Backgammon" */;
			compatibilityVersion = "Xcode 14.0";
			developmentRegion = en;
			hasScannedForEncodings = 0;
			knownRegions = (
				en,
				Base,
			);
			mainGroup = BF003001000000000000001A;
			productRefGroup = BF003005000000000000001A /* Products */;
			projectDirPath = "";
			projectRoot = "";
			targets = (
				BF005001000000000000001A /* Backgammon */,
			);
		};
/* End PBXProject section */

/* Begin PBXResourcesBuildPhase section */
		BF004003000000000000001A /* Resources */ = {
			isa = PBXResourcesBuildPhase;
			buildActionMask = 2147483647;
			files = (
				BF001007000000000000001A /* Assets.xcassets in Resources */,
			);
			runOnlyForDeploymentPostprocessing = 0;
		};
/* End PBXResourcesBuildPhase section */

/* Begin PBXSourcesBuildPhase section */
		BF004001000000000000001A /* Sources */ = {
			isa = PBXSourcesBuildPhase;
			buildActionMask = 2147483647;
			files = (
				BF001001000000000000001A /* BackgammonApp.swift in Sources */,
				BF001002000000000000001A /* ContentView.swift in Sources */,
				BF001003000000000000001A /* BackgammonEngine.swift in Sources */,
				BF001004000000000000001A /* GameState.swift in Sources */,
				BF001005000000000000001A /* BoardView.swift in Sources */,
				BF001006000000000000001A /* DiceView.swift in Sources */,
				BF001008000000000000001A /* CoachingSheetView.swift in Sources */,
				BF001009000000000000001A /* DifficultySheetView.swift in Sources */,
			);
			runOnlyForDeploymentPostprocessing = 0;
		};
/* End PBXSourcesBuildPhase section */

/* Begin XCBuildConfiguration section */
		BF006001000000000000001A /* Debug */ = {
			isa = XCBuildConfiguration;
			buildSettings = {
				ALWAYS_SEARCH_USER_PATHS = NO;
				ASSETCATALOG_COMPILER_GENERATE_SWIFT_ASSET_SYMBOL_EXTENSIONS = YES;
				CLANG_ANALYZER_NONNULL = YES;
				CLANG_ANALYZER_NUMBER_OBJECT_CONVERSION = YES_AGGRESSIVE;
				CLANG_CXX_LANGUAGE_STANDARD = "gnu++20";
				CLANG_ENABLE_MODULES = YES;
				CLANG_ENABLE_OBJC_ARC = YES;
				CLANG_ENABLE_OBJC_WEAK = YES;
				CLANG_WARN_BLOCK_CAPTURE_AUTORELEASING = YES;
				CLANG_WARN_BOOL_CONVERSION = YES;
				CLANG_WARN_COMMA = YES;
				CLANG_WARN_CONSTANT_CONVERSION = YES;
				CLANG_WARN_DEPRECATED_OBJC_IMPLEMENTATIONS = YES;
				CLANG_WARN_DIRECT_OBJC_ISA_USAGE = YES_ERROR;
				CLANG_WARN_DOCUMENTATION_COMMENTS = YES;
				CLANG_WARN_EMPTY_BODY = YES;
				CLANG_WARN_ENUM_CONVERSION = YES;
				CLANG_WARN_INFINITE_RECURSION = YES;
				CLANG_WARN_INT_CONVERSION = YES;
				CLANG_WARN_NON_LITERAL_NULL_CONVERSION = YES;
				CLANG_WARN_OBJC_IMPLICIT_RETAIN_SELF = YES;
				CLANG_WARN_OBJC_LITERAL_CONVERSION = YES;
				CLANG_WARN_OBJC_ROOT_CLASS = YES_ERROR;
				CLANG_WARN_QUOTED_INCLUDE_IN_FRAMEWORK_HEADER = YES;
				CLANG_WARN_RANGE_LOOP_ANALYSIS = YES;
				CLANG_WARN_STRICT_PROTOTYPES = YES;
				CLANG_WARN_SUSPICIOUS_MOVE = YES;
				CLANG_WARN_UNGUARDED_AVAILABILITY = YES_AGGRESSIVE;
				CLANG_WARN_UNREACHABLE_CODE = YES;
				CLANG_WARN__DUPLICATE_METHOD_MATCH = YES;
				COPY_PHASE_STRIP = NO;
				DEBUG_INFORMATION_FORMAT = dwarf;
				ENABLE_STRICT_OBJC_MSGSEND = YES;
				ENABLE_TESTABILITY = YES;
				ENABLE_USER_SCRIPT_SANDBOXING = YES;
				GCC_C_LANGUAGE_STANDARD = gnu17;
				GCC_DYNAMIC_NO_PIC = NO;
				GCC_NO_COMMON_BLOCKS = YES;
				GCC_OPTIMIZATION_LEVEL = 0;
				GCC_PREPROCESSOR_DEFINITIONS = (
					"DEBUG=1",
					"$(inherited)",
				);
				GCC_WARN_64_TO_32_BIT_CONVERSION = YES;
				GCC_WARN_ABOUT_RETURN_TYPE = YES_ERROR;
				GCC_WARN_UNDECLARED_SELECTOR = YES;
				GCC_WARN_UNINITIALIZED_AUTOS = YES_AGGRESSIVE;
				GCC_WARN_UNUSED_FUNCTION = YES;
				GCC_WARN_UNUSED_VARIABLE = YES;
				IPHONEOS_DEPLOYMENT_TARGET = 17.0;
				MTL_ENABLE_DEBUG_INFO = INCLUDE_SOURCE;
				MTL_FAST_MATH = YES;
				ONLY_ACTIVE_ARCH = YES;
				SDKROOT = iphoneos;
				SWIFT_ACTIVE_COMPILATION_CONDITIONS = DEBUG;
				SWIFT_OPTIMIZATION_LEVEL = "-Onone";
			};
			name = Debug;
		};
		BF006002000000000000001A /* Release */ = {
			isa = XCBuildConfiguration;
			buildSettings = {
				ALWAYS_SEARCH_USER_PATHS = NO;
				ASSETCATALOG_COMPILER_GENERATE_SWIFT_ASSET_SYMBOL_EXTENSIONS = YES;
				CLANG_ANALYZER_NONNULL = YES;
				CLANG_ANALYZER_NUMBER_OBJECT_CONVERSION = YES_AGGRESSIVE;
				CLANG_CXX_LANGUAGE_STANDARD = "gnu++20";
				CLANG_ENABLE_MODULES = YES;
				CLANG_ENABLE_OBJC_ARC = YES;
				CLANG_ENABLE_OBJC_WEAK = YES;
				CLANG_WARN_BLOCK_CAPTURE_AUTORELEASING = YES;
				CLANG_WARN_BOOL_CONVERSION = YES;
				CLANG_WARN_COMMA = YES;
				CLANG_WARN_CONSTANT_CONVERSION = YES;
				CLANG_WARN_DEPRECATED_OBJC_IMPLEMENTATIONS = YES;
				CLANG_WARN_DIRECT_OBJC_ISA_USAGE = YES_ERROR;
				CLANG_WARN_DOCUMENTATION_COMMENTS = YES;
				CLANG_WARN_EMPTY_BODY = YES;
				CLANG_WARN_ENUM_CONVERSION = YES;
				CLANG_WARN_INFINITE_RECURSION = YES;
				CLANG_WARN_INT_CONVERSION = YES;
				CLANG_WARN_NON_LITERAL_NULL_CONVERSION = YES;
				CLANG_WARN_OBJC_IMPLICIT_RETAIN_SELF = YES;
				CLANG_WARN_OBJC_LITERAL_CONVERSION = YES;
				CLANG_WARN_OBJC_ROOT_CLASS = YES_ERROR;
				CLANG_WARN_QUOTED_INCLUDE_IN_FRAMEWORK_HEADER = YES;
				CLANG_WARN_RANGE_LOOP_ANALYSIS = YES;
				CLANG_WARN_STRICT_PROTOTYPES = YES;
				CLANG_WARN_SUSPICIOUS_MOVE = YES;
				CLANG_WARN_UNGUARDED_AVAILABILITY = YES_AGGRESSIVE;
				CLANG_WARN_UNREACHABLE_CODE = YES;
				CLANG_WARN__DUPLICATE_METHOD_MATCH = YES;
				COPY_PHASE_STRIP = NO;
				DEBUG_INFORMATION_FORMAT = "dwarf-with-dsym";
				ENABLE_NS_ASSERTIONS = NO;
				ENABLE_STRICT_OBJC_MSGSEND = YES;
				ENABLE_USER_SCRIPT_SANDBOXING = YES;
				GCC_C_LANGUAGE_STANDARD = gnu17;
				GCC_NO_COMMON_BLOCKS = YES;
				GCC_WARN_64_TO_32_BIT_CONVERSION = YES;
				GCC_WARN_ABOUT_RETURN_TYPE = YES_ERROR;
				GCC_WARN_UNDECLARED_SELECTOR = YES;
				GCC_WARN_UNINITIALIZED_AUTOS = YES_AGGRESSIVE;
				GCC_WARN_UNUSED_FUNCTION = YES;
				GCC_WARN_UNUSED_VARIABLE = YES;
				IPHONEOS_DEPLOYMENT_TARGET = 17.0;
				MTL_FAST_MATH = YES;
				SDKROOT = iphoneos;
				SWIFT_COMPILATION_MODE = wholemodule;
				VALIDATE_PRODUCT = YES;
			};
			name = Release;
		};
		BF006003000000000000001A /* Debug */ = {
			isa = XCBuildConfiguration;
			buildSettings = {
				ASSETCATALOG_COMPILER_APPICON_NAME = AppIcon;
				ASSETCATALOG_COMPILER_GLOBAL_ACCENT_COLOR_NAME = AccentColor;
				CODE_SIGN_STYLE = Automatic;
				CURRENT_PROJECT_VERSION = 1;
				DEVELOPMENT_ASSET_PATHS = "";
				DEVELOPMENT_TEAM = XF4GBKDYLV;
				ENABLE_PREVIEWS = YES;
				GENERATE_INFOPLIST_FILE = NO;
				INFOPLIST_FILE = Backgammon/Info.plist;
				IPHONEOS_DEPLOYMENT_TARGET = 17.0;
				MARKETING_VERSION = 1.0;
				PRODUCT_BUNDLE_IDENTIFIER = com.example.Backgammon;
				PRODUCT_NAME = "$(TARGET_NAME)";
				SUPPORTED_PLATFORMS = "iphoneos iphonesimulator";
				SUPPORTS_MACCATALYST = NO;
				SUPPORTS_MAC_DESIGNED_FOR_IPHONE_IPAD = NO;
				SUPPORTS_XR_DESIGNED_FOR_IPHONE_IPAD = NO;
				SWIFT_EMIT_LOC_STRINGS = YES;
				SWIFT_VERSION = 5.0;
				TARGETED_DEVICE_FAMILY = "1,2";
			};
			name = Debug;
		};
		BF006004000000000000001A /* Release */ = {
			isa = XCBuildConfiguration;
			buildSettings = {
				ASSETCATALOG_COMPILER_APPICON_NAME = AppIcon;
				ASSETCATALOG_COMPILER_GLOBAL_ACCENT_COLOR_NAME = AccentColor;
				CODE_SIGN_STYLE = Automatic;
				CURRENT_PROJECT_VERSION = 1;
				DEVELOPMENT_ASSET_PATHS = "";
				DEVELOPMENT_TEAM = XF4GBKDYLV;
				ENABLE_PREVIEWS = YES;
				GENERATE_INFOPLIST_FILE = NO;
				INFOPLIST_FILE = Backgammon/Info.plist;
				IPHONEOS_DEPLOYMENT_TARGET = 17.0;
				MARKETING_VERSION = 1.0;
				PRODUCT_BUNDLE_IDENTIFIER = com.example.Backgammon;
				PRODUCT_NAME = "$(TARGET_NAME)";
				SUPPORTED_PLATFORMS = "iphoneos iphonesimulator";
				SUPPORTS_MACCATALYST = NO;
				SUPPORTS_MAC_DESIGNED_FOR_IPHONE_IPAD = NO;
				SUPPORTS_XR_DESIGNED_FOR_IPHONE_IPAD = NO;
				SWIFT_EMIT_LOC_STRINGS = YES;
				SWIFT_VERSION = 5.0;
				TARGETED_DEVICE_FAMILY = "1,2";
			};
			name = Release;
		};
/* End XCBuildConfiguration section */

/* Begin XCConfigurationList section */
		BF006005000000000000001A /* Build configuration list for PBXProject "Backgammon" */ = {
			isa = XCConfigurationList;
			buildConfigurations = (
				BF006001000000000000001A /* Debug */,
				BF006002000000000000001A /* Release */,
			);
			defaultConfigurationIsVisible = 0;
			defaultConfigurationName = Release;
		};
		BF006006000000000000001A /* Build configuration list for PBXNativeTarget "Backgammon" */ = {
			isa = XCConfigurationList;
			buildConfigurations = (
				BF006003000000000000001A /* Debug */,
				BF006004000000000000001A /* Release */,
			);
			defaultConfigurationIsVisible = 0;
			defaultConfigurationName = Release;
		};
/* End XCConfigurationList section */
	};
	rootObject = BF007001000000000000001A /* Project object */;
}
